
Microsoft Visual Studio Solution File, Format Version 12.00
# Visual Studio Version 16
VisualStudioVersion = 16.0.31624.102
MinimumVisualStudioVersion = 10.0.40219.1
Project("{FAE04EC0-301F-11D3-BF4B-00C04F79EFBC}") = "testPj", "testPj\testPj.csproj", "{CA5C1A4F-A000-43C1-BEB4-B27F786D4525}"
EndProject
Global
	GlobalSection(SolutionConfigurationPlatforms) = preSolution
		Debug|Any CPU = Debug|Any CPU
		Release|Any CPU = Release|Any CPU
	EndGlobalSection
	GlobalSection(ProjectConfigurationPlatforms) = postSolution
		{CA5C1A4F-A000-43C1-BEB4-B27F786D4525}.Debug|Any CPU.ActiveCfg = Debug|Any CPU
		{CA5C1A4F-A000-43C1-BEB4-B27F786D4525}.Debug|Any CPU.Build.0 = Debug|Any CPU
		{CA5C1A4F-A000-43C1-BEB4-B27F786D4525}.Release|Any CPU.ActiveCfg = Release|Any CPU
		{CA5C1A4F-A000-43C1-BEB4-B27F786D4525}.Release|Any CPU.Build.0 = Release|Any CPU
	EndGlobalSection
	GlobalSection(SolutionProperties) = preSolution
		HideSolutionNode = FALSE
	EndGlobalSection
	GlobalSection(ExtensibilityGlobals) = postSolution
		SolutionGuid = {4920D083-AEE0-45B2-B761-D11DF92B8BAA}
	EndGlobalSection
EndGlobal
